// !$*UTF8*$!
{
	archiveVersion = 1;
	classes = {
	};
	objectVersion = 46;
	objects = {

/* Begin PBXBuildFile section */
		40D2A2FE1DAD1CBE006FFB91 /* main.m in Sources */ = {isa = PBXBuildFile; fileRef = 40D2A2FD1DAD1CBE006FFB91 /* main.m */; };
		40D2A3011DAD1CBE006FFB91 /* AppDelegate.m in Sources */ = {isa = PBXBuildFile; fileRef = 40D2A3001DAD1CBE006FFB91 /* AppDelegate.m */; };
		40D2A3041DAD1CBE006FFB91 /* ViewController.m in Sources */ = {isa = PBXBuildFile; fileRef = 40D2A3031DAD1CBE006FFB91 /* ViewController.m */; };
		40D2A3071DAD1CBE006FFB91 /* Main.storyboard in Resources */ = {isa = PBXBuildFile; fileRef = 40D2A3051DAD1CBE006FFB91 /* Main.storyboard */; };
		40D2A3091DAD1CBE006FFB91 /* Assets.xcassets in Resources */ = {isa = PBXBuildFile; fileRef = 40D2A3081DAD1CBE006FFB91 /* Assets.xcassets */; };
		40D2A30C1DAD1CBE006FFB91 /* LaunchScreen.storyboard in Resources */ = {isa = PBXBuildFile; fileRef = 40D2A30A1DAD1CBE006FFB91 /* LaunchScreen.storyboard */; };
		40D2A3171DAD1CBE006FFB91 /* CellHeightTests.m in Sources */ = {isa = PBXBuildFile; fileRef = 40D2A3161DAD1CBE006FFB91 /* CellHeightTests.m */; };
		40D2A3221DAD1CBE006FFB91 /* CellHeightUITests.m in Sources */ = {isa = PBXBuildFile; fileRef = 40D2A3211DAD1CBE006FFB91 /* CellHeightUITests.m */; };
		40D2A3311DAD1CD9006FFB91 /* DetailTableViewCell.m in Sources */ = {isa = PBXBuildFile; fileRef = 40D2A3301DAD1CD9006FFB91 /* DetailTableViewCell.m */; };
		40D2A34D1DAD1DDC006FFB91 /* Info.plist in Resources */ = {isa = PBXBuildFile; fileRef = 40D2A3331DAD1DDC006FFB91 /* Info.plist */; };
		40D2A34E1DAD1DDC006FFB91 /* MASCompositeConstraint.m in Sources */ = {isa = PBXBuildFile; fileRef = 40D2A3351DAD1DDC006FFB91 /* MASCompositeConstraint.m */; };
		40D2A34F1DAD1DDC006FFB91 /* MASConstraint.m in Sources */ = {isa = PBXBuildFile; fileRef = 40D2A3381DAD1DDC006FFB91 /* MASConstraint.m */; };
		40D2A3501DAD1DDC006FFB91 /* MASConstraintMaker.m in Sources */ = {isa = PBXBuildFile; fileRef = 40D2A33A1DAD1DDC006FFB91 /* MASConstraintMaker.m */; };
		40D2A3511DAD1DDC006FFB91 /* MASLayoutConstraint.m in Sources */ = {isa = PBXBuildFile; fileRef = 40D2A33C1DAD1DDC006FFB91 /* MASLayoutConstraint.m */; };
		40D2A3521DAD1DDC006FFB91 /* MASViewAttribute.m in Sources */ = {isa = PBXBuildFile; fileRef = 40D2A3401DAD1DDC006FFB91 /* MASViewAttribute.m */; };
		40D2A3531DAD1DDC006FFB91 /* MASViewConstraint.m in Sources */ = {isa = PBXBuildFile; fileRef = 40D2A3421DAD1DDC006FFB91 /* MASViewConstraint.m */; };
		40D2A3541DAD1DDC006FFB91 /* NSArray+MASAdditions.m in Sources */ = {isa = PBXBuildFile; fileRef = 40D2A3441DAD1DDC006FFB91 /* NSArray+MASAdditions.m */; };
		40D2A3551DAD1DDC006FFB91 /* NSLayoutConstraint+MASDebugAdditions.m in Sources */ = {isa = PBXBuildFile; fileRef = 40D2A3471DAD1DDC006FFB91 /* NSLayoutConstraint+MASDebugAdditions.m */; };
		40D2A3561DAD1DDC006FFB91 /* View+MASAdditions.m in Sources */ = {isa = PBXBuildFile; fileRef = 40D2A3491DAD1DDC006FFB91 /* View+MASAdditions.m */; };
		40D2A3571DAD1DDC006FFB91 /* ViewController+MASAdditions.m in Sources */ = {isa = PBXBuildFile; fileRef = 40D2A34C1DAD1DDC006FFB91 /* ViewController+MASAdditions.m */; };
		40D2A3611DAD1E08006FFB91 /* UITableView+FDIndexPathHeightCache.m in Sources */ = {isa = PBXBuildFile; fileRef = 40D2A35A1DAD1E08006FFB91 /* UITableView+FDIndexPathHeightCache.m */; };
		40D2A3621DAD1E08006FFB91 /* UITableView+FDKeyedHeightCache.m in Sources */ = {isa = PBXBuildFile; fileRef = 40D2A35C1DAD1E08006FFB91 /* UITableView+FDKeyedHeightCache.m */; };
		40D2A3631DAD1E08006FFB91 /* UITableView+FDTemplateLayoutCell.m in Sources */ = {isa = PBXBuildFile; fileRef = 40D2A35E1DAD1E08006FFB91 /* UITableView+FDTemplateLayoutCell.m */; };
		40D2A3641DAD1E08006FFB91 /* UITableView+FDTemplateLayoutCellDebug.m in Sources */ = {isa = PBXBuildFile; fileRef = 40D2A3601DAD1E08006FFB91 /* UITableView+FDTemplateLayoutCellDebug.m */; };
/* End PBXBuildFile section */

/* Begin PBXContainerItemProxy section */
		40D2A3131DAD1CBE006FFB91 /* PBXContainerItemProxy */ = {
			isa = PBXContainerItemProxy;
			containerPortal = 40D2A2F11DAD1CBE006FFB91 /* Project object */;
			proxyType = 1;
			remoteGlobalIDString = 40D2A2F81DAD1CBE006FFB91;
			remoteInfo = CellHeight;
		};
		40D2A31E1DAD1CBE006FFB91 /* PBXContainerItemProxy */ = {
			isa = PBXContainerItemProxy;
			containerPortal = 40D2A2F11DAD1CBE006FFB91 /* Project object */;
			proxyType = 1;
			remoteGlobalIDString = 40D2A2F81DAD1CBE006FFB91;
			remoteInfo = CellHeight;
		};
/* End PBXContainerItemProxy section */

/* Begin PBXFileReference section */
		40D2A2F91DAD1CBE006FFB91 /* CellHeight.app */ = {isa = PBXFileReference; explicitFileType = wrapper.application; includeInIndex = 0; path = CellHeight.app; sourceTree = BUILT_PRODUCTS_DIR; };
		40D2A2FD1DAD1CBE006FFB91 /* main.m */ = {isa = PBXFileReference; lastKnownFileType = sourcecode.c.objc; path = main.m; sourceTree = "<group>"; };
		40D2A2FF1DAD1CBE006FFB91 /* AppDelegate.h */ = {isa = PBXFileReference; lastKnownFileType = sourcecode.c.h; path = AppDelegate.h; sourceTree = "<group>"; };
		40D2A3001DAD1CBE006FFB91 /* AppDelegate.m */ = {isa = PBXFileReference; lastKnownFileType = sourcecode.c.objc; path = AppDelegate.m; sourceTree = "<group>"; };
		40D2A3021DAD1CBE006FFB91 /* ViewController.h */ = {isa = PBXFileReference; lastKnownFileType = sourcecode.c.h; path = ViewController.h; sourceTree = "<group>"; };
		40D2A3031DAD1CBE006FFB91 /* ViewController.m */ = {isa = PBXFileReference; lastKnownFileType = sourcecode.c.objc; path = ViewController.m; sourceTree = "<group>"; };
		40D2A3061DAD1CBE006FFB91 /* Base */ = {isa = PBXFileReference; lastKnownFileType = file.storyboard; name = Base; path = Base.lproj/Main.storyboard; sourceTree = "<group>"; };
		40D2A3081DAD1CBE006FFB91 /* Assets.xcassets */ = {isa = PBXFileReference; lastKnownFileType = folder.assetcatalog; path = Assets.xcassets; sourceTree = "<group>"; };
		40D2A30B1DAD1CBE006FFB91 /* Base */ = {isa = PBXFileReference; lastKnownFileType = file.storyboard; name = Base; path = Base.lproj/LaunchScreen.storyboard; sourceTree = "<group>"; };
		40D2A30D1DAD1CBE006FFB91 /* Info.plist */ = {isa = PBXFileReference; lastKnownFileType = text.plist.xml; path = Info.plist; sourceTree = "<group>"; };
		40D2A3121DAD1CBE006FFB91 /* CellHeightTests.xctest */ = {isa = PBXFileReference; explicitFileType = wrapper.cfbundle; includeInIndex = 0; path = CellHeightTests.xctest; sourceTree = BUILT_PRODUCTS_DIR; };
		40D2A3161DAD1CBE006FFB91 /* CellHeightTests.m */ = {isa = PBXFileReference; lastKnownFileType = sourcecode.c.objc; path = CellHeightTests.m; sourceTree = "<group>"; };
		40D2A3181DAD1CBE006FFB91 /* Info.plist */ = {isa = PBXFileReference; lastKnownFileType = text.plist.xml; path = Info.plist; sourceTree = "<group>"; };
		40D2A31D1DAD1CBE006FFB91 /* CellHeightUITests.xctest */ = {isa = PBXFileReference; explicitFileType = wrapper.cfbundle; includeInIndex = 0; path = CellHeightUITests.xctest; sourceTree = BUILT_PRODUCTS_DIR; };
		40D2A3211DAD1CBE006FFB91 /* CellHeightUITests.m */ = {isa = PBXFileReference; lastKnownFileType = sourcecode.c.objc; path = CellHeightUITests.m; sourceTree = "<group>"; };
		40D2A3231DAD1CBE006FFB91 /* Info.plist */ = {isa = PBXFileReference; lastKnownFileType = text.plist.xml; path = Info.plist; sourceTree = "<group>"; };
		40D2A32F1DAD1CD9006FFB91 /* DetailTableViewCell.h */ = {isa = PBXFileReference; fileEncoding = 4; lastKnownFileType = sourcecode.c.h; path = DetailTableViewCell.h; sourceTree = "<group>"; };
		40D2A3301DAD1CD9006FFB91 /* DetailTableViewCell.m */ = {isa = PBXFileReference; fileEncoding = 4; lastKnownFileType = sourcecode.c.objc; path = DetailTableViewCell.m; sourceTree = "<group>"; };
		40D2A3331DAD1DDC006FFB91 /* Info.plist */ = {isa = PBXFileReference; fileEncoding = 4; lastKnownFileType = text.plist.xml; path = Info.plist; sourceTree = "<group>"; };
		40D2A3341DAD1DDC006FFB91 /* MASCompositeConstraint.h */ = {isa = PBXFileReference; fileEncoding = 4; lastKnownFileType = sourcecode.c.h; path = MASCompositeConstraint.h; sourceTree = "<group>"; };
		40D2A3351DAD1DDC006FFB91 /* MASCompositeConstraint.m */ = {isa = PBXFileReference; fileEncoding = 4; lastKnownFileType = sourcecode.c.objc; path = MASCompositeConstraint.m; sourceTree = "<group>"; };
		40D2A3361DAD1DDC006FFB91 /* MASConstraint+Private.h */ = {isa = PBXFileReference; fileEncoding = 4; lastKnownFileType = sourcecode.c.h; path = "MASConstraint+Private.h"; sourceTree = "<group>"; };
		40D2A3371DAD1DDC006FFB91 /* MASConstraint.h */ = {isa = PBXFileReference; fileEncoding = 4; lastKnownFileType = sourcecode.c.h; path = MASConstraint.h; sourceTree = "<group>"; };
		40D2A3381DAD1DDC006FFB91 /* MASConstraint.m */ = {isa = PBXFileReference; fileEncoding = 4; lastKnownFileType = sourcecode.c.objc; path = MASConstraint.m; sourceTree = "<group>"; };
		40D2A3391DAD1DDC006FFB91 /* MASConstraintMaker.h */ = {isa = PBXFileReference; fileEncoding = 4; lastKnownFileType = sourcecode.c.h; path = MASConstraintMaker.h; sourceTree = "<group>"; };
		40D2A33A1DAD1DDC006FFB91 /* MASConstraintMaker.m */ = {isa = PBXFileReference; fileEncoding = 4; lastKnownFileType = sourcecode.c.objc; path = MASConstraintMaker.m; sourceTree = "<group>"; };
		40D2A33B1DAD1DDC006FFB91 /* MASLayoutConstraint.h */ = {isa = PBXFileReference; fileEncoding = 4; lastKnownFileType = sourcecode.c.h; path = MASLayoutConstraint.h; sourceTree = "<group>"; };
		40D2A33C1DAD1DDC006FFB91 /* MASLayoutConstraint.m */ = {isa = PBXFileReference; fileEncoding = 4; lastKnownFileType = sourcecode.c.objc; path = MASLayoutConstraint.m; sourceTree = "<group>"; };
		40D2A33D1DAD1DDC006FFB91 /* Masonry.h */ = {isa = PBXFileReference; fileEncoding = 4; lastKnownFileType = sourcecode.c.h; path = Masonry.h; sourceTree = "<group>"; };
		40D2A33E1DAD1DDC006FFB91 /* MASUtilities.h */ = {isa = PBXFileReference; fileEncoding = 4; lastKnownFileType = sourcecode.c.h; path = MASUtilities.h; sourceTree = "<group>"; };
		40D2A33F1DAD1DDC006FFB91 /* MASViewAttribute.h */ = {isa = PBXFileReference; fileEncoding = 4; lastKnownFileType = sourcecode.c.h; path = MASViewAttribute.h; sourceTree = "<group>"; };
		40D2A3401DAD1DDC006FFB91 /* MASViewAttribute.m */ = {isa = PBXFileReference; fileEncoding = 4; lastKnownFileType = sourcecode.c.objc; path = MASViewAttribute.m; sourceTree = "<group>"; };
		40D2A3411DAD1DDC006FFB91 /* MASViewConstraint.h */ = {isa = PBXFileReference; fileEncoding = 4; lastKnownFileType = sourcecode.c.h; path = MASViewConstraint.h; sourceTree = "<group>"; };
		40D2A3421DAD1DDC006FFB91 /* MASViewConstraint.m */ = {isa = PBXFileReference; fileEncoding = 4; lastKnownFileType = sourcecode.c.objc; path = MASViewConstraint.m; sourceTree = "<group>"; };
		40D2A3431DAD1DDC006FFB91 /* NSArray+MASAdditions.h */ = {isa = PBXFileReference; fileEncoding = 4; lastKnownFileType = sourcecode.c.h; path = "NSArray+MASAdditions.h"; sourceTree = "<group>"; };
		40D2A3441DAD1DDC006FFB91 /* NSArray+MASAdditions.m */ = {isa = PBXFileReference; fileEncoding = 4; lastKnownFileType = sourcecode.c.objc; path = "NSArray+MASAdditions.m"; sourceTree = "<group>"; };
		40D2A3451DAD1DDC006FFB91 /* NSArray+MASShorthandAdditions.h */ = {isa = PBXFileReference; fileEncoding = 4; lastKnownFileType = sourcecode.c.h; path = "NSArray+MASShorthandAdditions.h"; sourceTree = "<group>"; };
		40D2A3461DAD1DDC006FFB91 /* NSLayoutConstraint+MASDebugAdditions.h */ = {isa = PBXFileReference; fileEncoding = 4; lastKnownFileType = sourcecode.c.h; path = "NSLayoutConstraint+MASDebugAdditions.h"; sourceTree = "<group>"; };
		40D2A3471DAD1DDC006FFB91 /* NSLayoutConstraint+MASDebugAdditions.m */ = {isa = PBXFileReference; fileEncoding = 4; lastKnownFileType = sourcecode.c.objc; path = "NSLayoutConstraint+MASDebugAdditions.m"; sourceTree = "<group>"; };
		40D2A3481DAD1DDC006FFB91 /* View+MASAdditions.h */ = {isa = PBXFileReference; fileEncoding = 4; lastKnownFileType = sourcecode.c.h; path = "View+MASAdditions.h"; sourceTree = "<group>"; };
		40D2A3491DAD1DDC006FFB91 /* View+MASAdditions.m */ = {isa = PBXFileReference; fileEncoding = 4; lastKnownFileType = sourcecode.c.objc; path = "View+MASAdditions.m"; sourceTree = "<group>"; };
		40D2A34A1DAD1DDC006FFB91 /* View+MASShorthandAdditions.h */ = {isa = PBXFileReference; fileEncoding = 4; lastKnownFileType = sourcecode.c.h; path = "View+MASShorthandAdditions.h"; sourceTree = "<group>"; };
		40D2A34B1DAD1DDC006FFB91 /* ViewController+MASAdditions.h */ = {isa = PBXFileReference; fileEncoding = 4; lastKnownFileType = sourcecode.c.h; path = "ViewController+MASAdditions.h"; sourceTree = "<group>"; };
		40D2A34C1DAD1DDC006FFB91 /* ViewController+MASAdditions.m */ = {isa = PBXFileReference; fileEncoding = 4; lastKnownFileType = sourcecode.c.objc; path = "ViewController+MASAdditions.m"; sourceTree = "<group>"; };
		40D2A3591DAD1E08006FFB91 /* UITableView+FDIndexPathHeightCache.h */ = {isa = PBXFileReference; fileEncoding = 4; lastKnownFileType = sourcecode.c.h; path = "UITableView+FDIndexPathHeightCache.h"; sourceTree = "<group>"; };
		40D2A35A1DAD1E08006FFB91 /* UITableView+FDIndexPathHeightCache.m */ = {isa = PBXFileReference; fileEncoding = 4; lastKnownFileType = sourcecode.c.objc; path = "UITableView+FDIndexPathHeightCache.m"; sourceTree = "<group>"; };
		40D2A35B1DAD1E08006FFB91 /* UITableView+FDKeyedHeightCache.h */ = {isa = PBXFileReference; fileEncoding = 4; lastKnownFileType = sourcecode.c.h; path = "UITableView+FDKeyedHeightCache.h"; sourceTree = "<group>"; };
		40D2A35C1DAD1E08006FFB91 /* UITableView+FDKeyedHeightCache.m */ = {isa = PBXFileReference; fileEncoding = 4; lastKnownFileType = sourcecode.c.objc; path = "UITableView+FDKeyedHeightCache.m"; sourceTree = "<group>"; };
		40D2A35D1DAD1E08006FFB91 /* UITableView+FDTemplateLayoutCell.h */ = {isa = PBXFileReference; fileEncoding = 4; lastKnownFileType = sourcecode.c.h; path = "UITableView+FDTemplateLayoutCell.h"; sourceTree = "<group>"; };
		40D2A35E1DAD1E08006FFB91 /* UITableView+FDTemplateLayoutCell.m */ = {isa = PBXFileReference; fileEncoding = 4; lastKnownFileType = sourcecode.c.objc; path = "UITableView+FDTemplateLayoutCell.m"; sourceTree = "<group>"; };
		40D2A35F1DAD1E08006FFB91 /* UITableView+FDTemplateLayoutCellDebug.h */ = {isa = PBXFileReference; fileEncoding = 4; lastKnownFileType = sourcecode.c.h; path = "UITableView+FDTemplateLayoutCellDebug.h"; sourceTree = "<group>"; };
		40D2A3601DAD1E08006FFB91 /* UITableView+FDTemplateLayoutCellDebug.m */ = {isa = PBXFileReference; fileEncoding = 4; lastKnownFileType = sourcecode.c.objc; path = "UITableView+FDTemplateLayoutCellDebug.m"; sourceTree = "<group>"; };
/* End PBXFileReference section */

/* Begin PBXFrameworksBuildPhase section */
		40D2A2F61DAD1CBE006FFB91 /* Frameworks */ = {
			isa = PBXFrameworksBuildPhase;
			buildActionMask = 2147483647;
			files = (
			);
			runOnlyForDeploymentPostprocessing = 0;
		};
		40D2A30F1DAD1CBE006FFB91 /* Frameworks */ = {
			isa = PBXFrameworksBuildPhase;
			buildActionMask = 2147483647;
			files = (
			);
			runOnlyForDeploymentPostprocessing = 0;
		};
		40D2A31A1DAD1CBE006FFB91 /* Frameworks */ = {
			isa = PBXFrameworksBuildPhase;
			buildActionMask = 2147483647;
			files = (
			);
			runOnlyForDeploymentPostprocessing = 0;
		};
/* End PBXFrameworksBuildPhase section */

/* Begin PBXGroup section */
		40D2A2F01DAD1CBE006FFB91 = {
			isa = PBXGroup;
			children = (
				40D2A2FB1DAD1CBE006FFB91 /* CellHeight */,
				40D2A3151DAD1CBE006FFB91 /* CellHeightTests */,
				40D2A3201DAD1CBE006FFB91 /* CellHeightUITests */,
				40D2A2FA1DAD1CBE006FFB91 /* Products */,
			);
			sourceTree = "<group>";
		};
		40D2A2FA1DAD1CBE006FFB91 /* Products */ = {
			isa = PBXGroup;
			children = (
				40D2A2F91DAD1CBE006FFB91 /* CellHeight.app */,
				40D2A3121DAD1CBE006FFB91 /* CellHeightTests.xctest */,
				40D2A31D1DAD1CBE006FFB91 /* CellHeightUITests.xctest */,
			);
			name = Products;
			sourceTree = "<group>";
		};
		40D2A2FB1DAD1CBE006FFB91 /* CellHeight */ = {
			isa = PBXGroup;
			children = (
				40D2A3581DAD1E08006FFB91 /* Classes */,
				40D2A3321DAD1DDC006FFB91 /* Masonry */,
				40D2A2FF1DAD1CBE006FFB91 /* AppDelegate.h */,
				40D2A3001DAD1CBE006FFB91 /* AppDelegate.m */,
				40D2A3021DAD1CBE006FFB91 /* ViewController.h */,
				40D2A3031DAD1CBE006FFB91 /* ViewController.m */,
				40D2A32F1DAD1CD9006FFB91 /* DetailTableViewCell.h */,
				40D2A3301DAD1CD9006FFB91 /* DetailTableViewCell.m */,
				40D2A3051DAD1CBE006FFB91 /* Main.storyboard */,
				40D2A3081DAD1CBE006FFB91 /* Assets.xcassets */,
				40D2A30A1DAD1CBE006FFB91 /* LaunchScreen.storyboard */,
				40D2A30D1DAD1CBE006FFB91 /* Info.plist */,
				40D2A2FC1DAD1CBE006FFB91 /* Supporting Files */,
			);
			path = CellHeight;
			sourceTree = "<group>";
		};
		40D2A2FC1DAD1CBE006FFB91 /* Supporting Files */ = {
			isa = PBXGroup;
			children = (
				40D2A2FD1DAD1CBE006FFB91 /* main.m */,
			);
			name = "Supporting Files";
			sourceTree = "<group>";
		};
		40D2A3151DAD1CBE006FFB91 /* CellHeightTests */ = {
			isa = PBXGroup;
			children = (
				40D2A3161DAD1CBE006FFB91 /* CellHeightTests.m */,
				40D2A3181DAD1CBE006FFB91 /* Info.plist */,
			);
			path = CellHeightTests;
			sourceTree = "<group>";
		};
		40D2A3201DAD1CBE006FFB91 /* CellHeightUITests */ = {
			isa = PBXGroup;
			children = (
				40D2A3211DAD1CBE006FFB91 /* CellHeightUITests.m */,
				40D2A3231DAD1CBE006FFB91 /* Info.plist */,
			);
			path = CellHeightUITests;
			sourceTree = "<group>";
		};
		40D2A3321DAD1DDC006FFB91 /* Masonry */ = {
			isa = PBXGroup;
			children = (
				40D2A3331DAD1DDC006FFB91 /* Info.plist */,
				40D2A3341DAD1DDC006FFB91 /* MASCompositeConstraint.h */,
				40D2A3351DAD1DDC006FFB91 /* MASCompositeConstraint.m */,
				40D2A3361DAD1DDC006FFB91 /* MASConstraint+Private.h */,
				40D2A3371DAD1DDC006FFB91 /* MASConstraint.h */,
				40D2A3381DAD1DDC006FFB91 /* MASConstraint.m */,
				40D2A3391DAD1DDC006FFB91 /* MASConstraintMaker.h */,
				40D2A33A1DAD1DDC006FFB91 /* MASConstraintMaker.m */,
				40D2A33B1DAD1DDC006FFB91 /* MASLayoutConstraint.h */,
				40D2A33C1DAD1DDC006FFB91 /* MASLayoutConstraint.m */,
				40D2A33D1DAD1DDC006FFB91 /* Masonry.h */,
				40D2A33E1DAD1DDC006FFB91 /* MASUtilities.h */,
				40D2A33F1DAD1DDC006FFB91 /* MASViewAttribute.h */,
				40D2A3401DAD1DDC006FFB91 /* MASViewAttribute.m */,
				40D2A3411DAD1DDC006FFB91 /* MASViewConstraint.h */,
				40D2A3421DAD1DDC006FFB91 /* MASViewConstraint.m */,
				40D2A3431DAD1DDC006FFB91 /* NSArray+MASAdditions.h */,
				40D2A3441DAD1DDC006FFB91 /* NSArray+MASAdditions.m */,
				40D2A3451DAD1DDC006FFB91 /* NSArray+MASShorthandAdditions.h */,
				40D2A3461DAD1DDC006FFB91 /* NSLayoutConstraint+MASDebugAdditions.h */,
				40D2A3471DAD1DDC006FFB91 /* NSLayoutConstraint+MASDebugAdditions.m */,
				40D2A3481DAD1DDC006FFB91 /* View+MASAdditions.h */,
				40D2A3491DAD1DDC006FFB91 /* View+MASAdditions.m */,
				40D2A34A1DAD1DDC006FFB91 /* View+MASShorthandAdditions.h */,
				40D2A34B1DAD1DDC006FFB91 /* ViewController+MASAdditions.h */,
				40D2A34C1DAD1DDC006FFB91 /* ViewController+MASAdditions.m */,
			);
			path = Masonry;
			sourceTree = "<group>";
		};
		40D2A3581DAD1E08006FFB91 /* Classes */ = {
			isa = PBXGroup;
			children = (
				40D2A3591DAD1E08006FFB91 /* UITableView+FDIndexPathHeightCache.h */,
				40D2A35A1DAD1E08006FFB91 /* UITableView+FDIndexPathHeightCache.m */,
				40D2A35B1DAD1E08006FFB91 /* UITableView+FDKeyedHeightCache.h */,
				40D2A35C1DAD1E08006FFB91 /* UITableView+FDKeyedHeightCache.m */,
				40D2A35D1DAD1E08006FFB91 /* UITableView+FDTemplateLayoutCell.h */,
				40D2A35E1DAD1E08006FFB91 /* UITableView+FDTemplateLayoutCell.m */,
				40D2A35F1DAD1E08006FFB91 /* UITableView+FDTemplateLayoutCellDebug.h */,
				40D2A3601DAD1E08006FFB91 /* UITableView+FDTemplateLayoutCellDebug.m */,
			);
			path = Classes;
			sourceTree = "<group>";
		};
/* End PBXGroup section */

/* Begin PBXNativeTarget section */
		40D2A2F81DAD1CBE006FFB91 /* CellHeight */ = {
			isa = PBXNativeTarget;
			buildConfigurationList = 40D2A3261DAD1CBE006FFB91 /* Build configuration list for PBXNativeTarget "CellHeight" */;
			buildPhases = (
				40D2A2F51DAD1CBE006FFB91 /* Sources */,
				40D2A2F61DAD1CBE006FFB91 /* Frameworks */,
				40D2A2F71DAD1CBE006FFB91 /* Resources */,
			);
			buildRules = (
			);
			dependencies = (
			);
			name = CellHeight;
			productName = CellHeight;
			productReference = 40D2A2F91DAD1CBE006FFB91 /* CellHeight.app */;
			productType = "com.apple.product-type.application";
		};
		40D2A3111DAD1CBE006FFB91 /* CellHeightTests */ = {
			isa = PBXNativeTarget;
			buildConfigurationList = 40D2A3291DAD1CBE006FFB91 /* Build configuration list for PBXNativeTarget "CellHeightTests" */;
			buildPhases = (
				40D2A30E1DAD1CBE006FFB91 /* Sources */,
				40D2A30F1DAD1CBE006FFB91 /* Frameworks */,
				40D2A3101DAD1CBE006FFB91 /* Resources */,
			);
			buildRules = (
			);
			dependencies = (
				40D2A3141DAD1CBE006FFB91 /* PBXTargetDependency */,
			);
			name = CellHeightTests;
			productName = CellHeightTests;
			productReference = 40D2A3121DAD1CBE006FFB91 /* CellHeightTests.xctest */;
			productType = "com.apple.product-type.bundle.unit-test";
		};
		40D2A31C1DAD1CBE006FFB91 /* CellHeightUITests */ = {
			isa = PBXNativeTarget;
			buildConfigurationList = 40D2A32C1DAD1CBE006FFB91 /* Build configuration list for PBXNativeTarget "CellHeightUITests" */;
			buildPhases = (
				40D2A3191DAD1CBE006FFB91 /* Sources */,
				40D2A31A1DAD1CBE006FFB91 /* Frameworks */,
				40D2A31B1DAD1CBE006FFB91 /* Resources */,
			);
			buildRules = (
			);
			dependencies = (
				40D2A31F1DAD1CBE006FFB91 /* PBXTargetDependency */,
			);
			name = CellHeightUITests;
			productName = CellHeightUITests;
			productReference = 40D2A31D1DAD1CBE006FFB91 /* CellHeightUITests.xctest */;
			productType = "com.apple.product-type.bundle.ui-testing";
		};
/* End PBXNativeTarget section */

/* Begin PBXProject section */
		40D2A2F11DAD1CBE006FFB91 /* Project object */ = {
			isa = PBXProject;
			attributes = {
				LastUpgradeCheck = 0800;
				ORGANIZATIONNAME = zhoupeng;
				TargetAttributes = {
					40D2A2F81DAD1CBE006FFB91 = {
						CreatedOnToolsVersion = 8.0;
						DevelopmentTeam = 8MXW9M63S4;
						ProvisioningStyle = Automatic;
					};
					40D2A3111DAD1CBE006FFB91 = {
						CreatedOnToolsVersion = 8.0;
						ProvisioningStyle = Automatic;
						TestTargetID = 40D2A2F81DAD1CBE006FFB91;
					};
					40D2A31C1DAD1CBE006FFB91 = {
						CreatedOnToolsVersion = 8.0;
						ProvisioningStyle = Automatic;
						TestTargetID = 40D2A2F81DAD1CBE006FFB91;
					};
				};
			};
			buildConfigurationList = 40D2A2F41DAD1CBE006FFB91 /* Build configuration list for PBXProject "CellHeight" */;
			compatibilityVersion = "Xcode 3.2";
			developmentRegion = English;
			hasScannedForEncodings = 0;
			knownRegions = (
				en,
				Base,
			);
			mainGroup = 40D2A2F01DAD1CBE006FFB91;
			productRefGroup = 40D2A2FA1DAD1CBE006FFB91 /* Products */;
			projectDirPath = "";
			projectRoot = "";
			targets = (
				40D2A2F81DAD1CBE006FFB91 /* CellHeight */,
				40D2A3111DAD1CBE006FFB91 /* CellHeightTests */,
				40D2A31C1DAD1CBE006FFB91 /* CellHeightUITests */,
			);
		};
/* End PBXProject section */

/* Begin PBXResourcesBuildPhase section */
		40D2A2F71DAD1CBE006FFB91 /* Resources */ = {
			isa = PBXResourcesBuildPhase;
			buildActionMask = 2147483647;
			files = (
				40D2A34D1DAD1DDC006FFB91 /* Info.plist in Resources */,
				40D2A30C1DAD1CBE006FFB91 /* LaunchScreen.storyboard in Resources */,
				40D2A3091DAD1CBE006FFB91 /* Assets.xcassets in Resources */,
				40D2A3071DAD1CBE006FFB91 /* Main.storyboard in Resources */,
			);
			runOnlyForDeploymentPostprocessing = 0;
		};
		40D2A3101DAD1CBE006FFB91 /* Resources */ = {
			isa = PBXResourcesBuildPhase;
			buildActionMask = 2147483647;
			files = (
			);
			runOnlyForDeploymentPostprocessing = 0;
		};
		40D2A31B1DAD1CBE006FFB91 /* Resources */ = {
			isa = PBXResourcesBuildPhase;
			buildActionMask = 2147483647;
			files = (
			);
			runOnlyForDeploymentPostprocessing = 0;
		};
/* End PBXResourcesBuildPhase section */

/* Begin PBXSourcesBuildPhase section */
		40D2A2F51DAD1CBE006FFB91 /* Sources */ = {
			isa = PBXSourcesBuildPhase;
			buildActionMask = 2147483647;
			files = (
				40D2A3621DAD1E08006FFB91 /* UITableView+FDKeyedHeightCache.m in Sources */,
				40D2A3501DAD1DDC006FFB91 /* MASConstraintMaker.m in Sources */,
				40D2A3041DAD1CBE006FFB91 /* ViewController.m in Sources */,
				40D2A3011DAD1CBE006FFB91 /* AppDelegate.m in Sources */,
				40D2A3611DAD1E08006FFB91 /* UITableView+FDIndexPathHeightCache.m in Sources */,
				40D2A34F1DAD1DDC006FFB91 /* MASConstraint.m in Sources */,
				40D2A3571DAD1DDC006FFB91 /* ViewController+MASAdditions.m in Sources */,
				40D2A3511DAD1DDC006FFB91 /* MASLayoutConstraint.m in Sources */,
				40D2A3541DAD1DDC006FFB91 /* NSArray+MASAdditions.m in Sources */,
				40D2A3531DAD1DDC006FFB91 /* MASViewConstraint.m in Sources */,
				40D2A3521DAD1DDC006FFB91 /* MASViewAttribute.m in Sources */,
				40D2A3641DAD1E08006FFB91 /* UITableView+FDTemplateLayoutCellDebug.m in Sources */,
				40D2A3561DAD1DDC006FFB91 /* View+MASAdditions.m in Sources */,
				40D2A3311DAD1CD9006FFB91 /* DetailTableViewCell.m in Sources */,
				40D2A2FE1DAD1CBE006FFB91 /* main.m in Sources */,
				40D2A34E1DAD1DDC006FFB91 /* MASCompositeConstraint.m in Sources */,
				40D2A3551DAD1DDC006FFB91 /* NSLayoutConstraint+MASDebugAdditions.m in Sources */,
				40D2A3631DAD1E08006FFB91 /* UITableView+FDTemplateLayoutCell.m in Sources */,
			);
			runOnlyForDeploymentPostprocessing = 0;
		};
		40D2A30E1DAD1CBE006FFB91 /* Sources */ = {
			isa = PBXSourcesBuildPhase;
			buildActionMask = 2147483647;
			files = (
				40D2A3171DAD1CBE006FFB91 /* CellHeightTests.m in Sources */,
			);
			runOnlyForDeploymentPostprocessing = 0;
		};
		40D2A3191DAD1CBE006FFB91 /* Sources */ = {
			isa = PBXSourcesBuildPhase;
			buildActionMask = 2147483647;
			files = (
				40D2A3221DAD1CBE006FFB91 /* CellHeightUITests.m in Sources */,
			);
			runOnlyForDeploymentPostprocessing = 0;
		};
/* End PBXSourcesBuildPhase section */

/* Begin PBXTargetDependency section */
		40D2A3141DAD1CBE006FFB91 /* PBXTargetDependency */ = {
			isa = PBXTargetDependency;
			target = 40D2A2F81DAD1CBE006FFB91 /* CellHeight */;
			targetProxy = 40D2A3131DAD1CBE006FFB91 /* PBXContainerItemProxy */;
		};
		40D2A31F1DAD1CBE006FFB91 /* PBXTargetDependency */ = {
			isa = PBXTargetDependency;
			target = 40D2A2F81DAD1CBE006FFB91 /* CellHeight */;
			targetProxy = 40D2A31E1DAD1CBE006FFB91 /* PBXContainerItemProxy */;
		};
/* End PBXTargetDependency section */

/* Begin PBXVariantGroup section */
		40D2A3051DAD1CBE006FFB91 /* Main.storyboard */ = {
			isa = PBXVariantGroup;
			children = (
				40D2A3061DAD1CBE006FFB91 /* Base */,
			);
			name = Main.storyboard;
			sourceTree = "<group>";
		};
		40D2A30A1DAD1CBE006FFB91 /* LaunchScreen.storyboard */ = {
			isa = PBXVariantGroup;
			children = (
				40D2A30B1DAD1CBE006FFB91 /* Base */,
			);
			name = LaunchScreen.storyboard;
			sourceTree = "<group>";
		};
/* End PBXVariantGroup section */

/* Begin XCBuildConfiguration section */
		40D2A3241DAD1CBE006FFB91 /* Debug */ = {
			isa = XCBuildConfiguration;
			buildSettings = {
				ALWAYS_SEARCH_USER_PATHS = NO;
				CLANG_ANALYZER_NONNULL = YES;
				CLANG_CXX_LANGUAGE_STANDARD = "gnu++0x";
				CLANG_CXX_LIBRARY = "libc++";
				CLANG_ENABLE_MODULES = YES;
				CLANG_ENABLE_OBJC_ARC = YES;
				CLANG_WARN_BOOL_CONVERSION = YES;
				CLANG_WARN_CONSTANT_CONVERSION = YES;
				CLANG_WARN_DIRECT_OBJC_ISA_USAGE = YES_ERROR;
				CLANG_WARN_DOCUMENTATION_COMMENTS = YES;
				CLANG_WARN_EMPTY_BODY = YES;
				CLANG_WARN_ENUM_CONVERSION = YES;
				CLANG_WARN_INFINITE_RECURSION = YES;
				CLANG_WARN_INT_CONVERSION = YES;
				CLANG_WARN_OBJC_ROOT_CLASS = YES_ERROR;
				CLANG_WARN_SUSPICIOUS_MOVES = YES;
				CLANG_WARN_UNREACHABLE_CODE = YES;
				CLANG_WARN__DUPLICATE_METHOD_MATCH = YES;
				"CODE_SIGN_IDENTITY[sdk=iphoneos*]" = "iPhone Developer";
				COPY_PHASE_STRIP = NO;
				DEBUG_INFORMATION_FORMAT = dwarf;
				ENABLE_STRICT_OBJC_MSGSEND = YES;
				ENABLE_TESTABILITY = YES;
				GCC_C_LANGUAGE_STANDARD = gnu99;
				GCC_DYNAMIC_NO_PIC = NO;
				GCC_NO_COMMON_BLOCKS = YES;
				GCC_OPTIMIZATION_LEVEL = 0;
				GCC_PREPROCESSOR_DEFINITIONS = (
					"DEBUG=1",
					"$(inherited)",
				);
				GCC_WARN_64_TO_32_BIT_CONVERSION = YES;
				GCC_WARN_ABOUT_RETURN_TYPE = YES_ERROR;
				GCC_WARN_UNDECLARED_SELECTOR = YES;
				GCC_WARN_UNINITIALIZED_AUTOS = YES_AGGRESSIVE;
				GCC_WARN_UNUSED_FUNCTION = YES;
				GCC_WARN_UNUSED_VARIABLE = YES;
				IPHONEOS_DEPLOYMENT_TARGET = 10.0;
				MTL_ENABLE_DEBUG_INFO = YES;
				ONLY_ACTIVE_ARCH = YES;
				SDKROOT = iphoneos;
			};
			name = Debug;
		};
		40D2A3251DAD1CBE006FFB91 /* Release */ = {
			isa = XCBuildConfiguration;
			buildSettings = {
				ALWAYS_SEARCH_USER_PATHS = NO;
				CLANG_ANALYZER_NONNULL = YES;
				CLANG_CXX_LANGUAGE_STANDARD = "gnu++0x";
				CLANG_CXX_LIBRARY = "libc++";
				CLANG_ENABLE_MODULES = YES;
				CLANG_ENABLE_OBJC_ARC = YES;
				CLANG_WARN_BOOL_CONVERSION = YES;
				CLANG_WARN_CONSTANT_CONVERSION = YES;
				CLANG_WARN_DIRECT_OBJC_ISA_USAGE = YES_ERROR;
				CLANG_WARN_DOCUMENTATION_COMMENTS = YES;
				CLANG_WARN_EMPTY_BODY = YES;
				CLANG_WARN_ENUM_CONVERSION = YES;
				CLANG_WARN_INFINITE_RECURSION = YES;
				CLANG_WARN_INT_CONVERSION = YES;
				CLANG_WARN_OBJC_ROOT_CLASS = YES_ERROR;
				CLANG_WARN_SUSPICIOUS_MOVES = YES;
				CLANG_WARN_UNREACHABLE_CODE = YES;
				CLANG_WARN__DUPLICATE_METHOD_MATCH = YES;
				"CODE_SIGN_IDENTITY[sdk=iphoneos*]" = "iPhone Developer";
				COPY_PHASE_STRIP = NO;
				DEBUG_INFORMATION_FORMAT = "dwarf-with-dsym";
				ENABLE_NS_ASSERTIONS = NO;
				ENABLE_STRICT_OBJC_MSGSEND = YES;
				GCC_C_LANGUAGE_STANDARD = gnu99;
				GCC_NO_COMMON_BLOCKS = YES;
				GCC_WARN_64_TO_32_BIT_CONVERSION = YES;
				GCC_WARN_ABOUT_RETURN_TYPE = YES_ERROR;
				GCC_WARN_UNDECLARED_SELECTOR = YES;
				GCC_WARN_UNINITIALIZED_AUTOS = YES_AGGRESSIVE;
				GCC_WARN_UNUSED_FUNCTION = YES;
				GCC_WARN_UNUSED_VARIABLE = YES;
				IPHONEOS_DEPLOYMENT_TARGET = 10.0;
				MTL_ENABLE_DEBUG_INFO = NO;
				SDKROOT = iphoneos;
				VALIDATE_PRODUCT = YES;
			};
			name = Release;
		};
		40D2A3271DAD1CBE006FFB91 /* Debug */ = {
			isa = XCBuildConfiguration;
			buildSettings = {
				ASSETCATALOG_COMPILER_APPICON_NAME = AppIcon;
				DEVELOPMENT_TEAM = 8MXW9M63S4;
				INFOPLIST_FILE = CellHeight/Info.plist;
				LD_RUNPATH_SEARCH_PATHS = "$(inherited) @executable_path/Frameworks";
				PRODUCT_BUNDLE_IDENTIFIER = baidu.CellHeight;
				PRODUCT_NAME = "$(TARGET_NAME)";
			};
			name = Debug;
		};
		40D2A3281DAD1CBE006FFB91 /* Release */ = {
			isa = XCBuildConfiguration;
			buildSettings = {
				ASSETCATALOG_COMPILER_APPICON_NAME = AppIcon;
				DEVELOPMENT_TEAM = 8MXW9M63S4;
				INFOPLIST_FILE = CellHeight/Info.plist;
				LD_RUNPATH_SEARCH_PATHS = "$(inherited) @executable_path/Frameworks";
				PRODUCT_BUNDLE_IDENTIFIER = baidu.CellHeight;
				PRODUCT_NAME = "$(TARGET_NAME)";
			};
			name = Release;
		};
		40D2A32A1DAD1CBE006FFB91 /* Debug */ = {
			isa = XCBuildConfiguration;
			buildSettings = {
				BUNDLE_LOADER = "$(TEST_HOST)";
				INFOPLIST_FILE = CellHeightTests/Info.plist;
				LD_RUNPATH_SEARCH_PATHS = "$(inherited) @executable_path/Frameworks @loader_path/Frameworks";
				PRODUCT_BUNDLE_IDENTIFIER = baidu.CellHeightTests;
				PRODUCT_NAME = "$(TARGET_NAME)";
				TEST_HOST = "$(BUILT_PRODUCTS_DIR)/CellHeight.app/CellHeight";
			};
			name = Debug;
		};
		40D2A32B1DAD1CBE006FFB91 /* Release */ = {
			isa = XCBuildConfiguration;
			buildSettings = {
				BUNDLE_LOADER = "$(TEST_HOST)";
				INFOPLIST_FILE = CellHeightTests/Info.plist;
				LD_RUNPATH_SEARCH_PATHS = "$(inherited) @executable_path/Frameworks @loader_path/Frameworks";
				PRODUCT_BUNDLE_IDENTIFIER = baidu.CellHeightTests;
				PRODUCT_NAME = "$(TARGET_NAME)";
				TEST_HOST = "$(BUILT_PRODUCTS_DIR)/CellHeight.app/CellHeight";
			};
			name = Release;
		};
		40D2A32D1DAD1CBE006FFB91 /* Debug */ = {
			isa = XCBuildConfiguration;
			buildSettings = {
				INFOPLIST_FILE = CellHeightUITests/Info.plist;
				LD_RUNPATH_SEARCH_PATHS = "$(inherited) @executable_path/Frameworks @loader_path/Frameworks";
				PRODUCT_BUNDLE_IDENTIFIER = baidu.CellHeightUITests;
				PRODUCT_NAME = "$(TARGET_NAME)";
				TEST_TARGET_NAME = CellHeight;
			};
			name = Debug;
		};
		40D2A32E1DAD1CBE006FFB91 /* Release */ = {
			isa = XCBuildConfiguration;
			buildSettings = {
				INFOPLIST_FILE = CellHeightUITests/Info.plist;
				LD_RUNPATH_SEARCH_PATHS = "$(inherited) @executable_path/Frameworks @loader_path/Frameworks";
				PRODUCT_BUNDLE_IDENTIFIER = baidu.CellHeightUITests;
				PRODUCT_NAME = "$(TARGET_NAME)";
				TEST_TARGET_NAME = CellHeight;
			};
			name = Release;
		};
/* End XCBuildConfiguration section */

/* Begin XCConfigurationList section */
		40D2A2F41DAD1CBE006FFB91 /* Build configuration list for PBXProject "CellHeight" */ = {
			isa = XCConfigurationList;
			buildConfigurations = (
				40D2A3241DAD1CBE006FFB91 /* Debug */,
				40D2A3251DAD1CBE006FFB91 /* Release */,
			);
			defaultConfigurationIsVisible = 0;
			defaultConfigurationName = Release;
		};
		40D2A3261DAD1CBE006FFB91 /* Build configuration list for PBXNativeTarget "CellHeight" */ = {
			isa = XCConfigurationList;
			buildConfigurations = (
				40D2A3271DAD1CBE006FFB91 /* Debug */,
				40D2A3281DAD1CBE006FFB91 /* Release */,
			);
			defaultConfigurationIsVisible = 0;
		};
		40D2A3291DAD1CBE006FFB91 /* Build configuration list for PBXNativeTarget "CellHeightTests" */ = {
			isa = XCConfigurationList;
			buildConfigurations = (
				40D2A32A1DAD1CBE006FFB91 /* Debug */,
				40D2A32B1DAD1CBE006FFB91 /* Release */,
			);
			defaultConfigurationIsVisible = 0;
		};
		40D2A32C1DAD1CBE006FFB91 /* Build configuration list for PBXNativeTarget "CellHeightUITests" */ = {
			isa = XCConfigurationList;
			buildConfigurations = (
				40D2A32D1DAD1CBE006FFB91 /* Debug */,
				40D2A32E1DAD1CBE006FFB91 /* Release */,
			);
			defaultConfigurationIsVisible = 0;
		};
/* End XCConfigurationList section */
	};
	rootObject = 40D2A2F11DAD1CBE006FFB91 /* Project object */;
}
